
Microsoft Visual Studio Solution File, Format Version 12.00
# Visual Studio Version 16
VisualStudioVersion = 16.0.29505.145
MinimumVisualStudioVersion = 10.0.40219.1
Project("{9A19103F-16F7-4668-BE54-9A1E7A4F7556}") = "GoogleSignInTest.Web", "GoogleSignInTest\GoogleSignInTest.Web.csproj", "{F0DBA81A-7ED3-45DD-B7EF-EFC9E2CDBE70}"
EndProject
Project("{9A19103F-16F7-4668-BE54-9A1E7A4F7556}") = "GoogleSignInTest.Tests", "XUnitTestProject2\GoogleSignInTest.Tests.csproj", "{906D44E5-ABD9-4C49-80EF-4D394ED0C5AB}"
EndProject
Project("{9A19103F-16F7-4668-BE54-9A1E7A4F7556}") = "GoogleSignInTest.GoogleOidc", "GoogleSignInTest.GoogleOidc\GoogleSignInTest.GoogleOidc.csproj", "{70241A24-C27C-4C05-AAC2-F569FE1CE50E}"
EndProject
Project("{9A19103F-16F7-4668-BE54-9A1E7A4F7556}") = "GoogleSignInTest.Core", "GoogleSignInTest.Core\GoogleSignInTest.Core.csproj", "{7218AB1C-93C3-446F-9816-0B48548EB903}"
EndProject
Project("{FAE04EC0-301F-11D3-BF4B-00C04F79EFBC}") = "GoogleSignInTest.FacebookOauth", "GoogleSignInTest.FacebookOauth\GoogleSignInTest.FacebookOauth.csproj", "{09F41987-8B37-47F8-B36F-2130177D461D}"
EndProject
Global
	GlobalSection(SolutionConfigurationPlatforms) = preSolution
		Debug|Any CPU = Debug|Any CPU
		Release|Any CPU = Release|Any CPU
	EndGlobalSection
	GlobalSection(ProjectConfigurationPlatforms) = postSolution
		{F0DBA81A-7ED3-45DD-B7EF-EFC9E2CDBE70}.Debug|Any CPU.ActiveCfg = Debug|Any CPU
		{F0DBA81A-7ED3-45DD-B7EF-EFC9E2CDBE70}.Debug|Any CPU.Build.0 = Debug|Any CPU
		{F0DBA81A-7ED3-45DD-B7EF-EFC9E2CDBE70}.Release|Any CPU.ActiveCfg = Release|Any CPU
		{F0DBA81A-7ED3-45DD-B7EF-EFC9E2CDBE70}.Release|Any CPU.Build.0 = Release|Any CPU
		{906D44E5-ABD9-4C49-80EF-4D394ED0C5AB}.Debug|Any CPU.ActiveCfg = Debug|Any CPU
		{906D44E5-ABD9-4C49-80EF-4D394ED0C5AB}.Debug|Any CPU.Build.0 = Debug|Any CPU
		{906D44E5-ABD9-4C49-80EF-4D394ED0C5AB}.Release|Any CPU.ActiveCfg = Release|Any CPU
		{906D44E5-ABD9-4C49-80EF-4D394ED0C5AB}.Release|Any CPU.Build.0 = Release|Any CPU
		{70241A24-C27C-4C05-AAC2-F569FE1CE50E}.Debug|Any CPU.ActiveCfg = Debug|Any CPU
		{70241A24-C27C-4C05-AAC2-F569FE1CE50E}.Debug|Any CPU.Build.0 = Debug|Any CPU
		{70241A24-C27C-4C05-AAC2-F569FE1CE50E}.Release|Any CPU.ActiveCfg = Release|Any CPU
		{70241A24-C27C-4C05-AAC2-F569FE1CE50E}.Release|Any CPU.Build.0 = Release|Any CPU
		{7218AB1C-93C3-446F-9816-0B48548EB903}.Debug|Any CPU.ActiveCfg = Debug|Any CPU
		{7218AB1C-93C3-446F-9816-0B48548EB903}.Debug|Any CPU.Build.0 = Debug|Any CPU
		{7218AB1C-93C3-446F-9816-0B48548EB903}.Release|Any CPU.ActiveCfg = Release|Any CPU
		{7218AB1C-93C3-446F-9816-0B48548EB903}.Release|Any CPU.Build.0 = Release|Any CPU
		{09F41987-8B37-47F8-B36F-2130177D461D}.Debug|Any CPU.ActiveCfg = Debug|Any CPU
		{09F41987-8B37-47F8-B36F-2130177D461D}.Debug|Any CPU.Build.0 = Debug|Any CPU
		{09F41987-8B37-47F8-B36F-2130177D461D}.Release|Any CPU.ActiveCfg = Release|Any CPU
		{09F41987-8B37-47F8-B36F-2130177D461D}.Release|Any CPU.Build.0 = Release|Any CPU
	EndGlobalSection
	GlobalSection(SolutionProperties) = preSolution
		HideSolutionNode = FALSE
	EndGlobalSection
	GlobalSection(ExtensibilityGlobals) = postSolution
		SolutionGuid = {04CF6AD2-EF78-40C2-A582-361A7B76869B}
	EndGlobalSection
EndGlobal
