
Microsoft Visual Studio Solution File, Format Version 12.00
# Visual Studio Version 16
VisualStudioVersion = 16.0.29521.150
MinimumVisualStudioVersion = 10.0.40219.1
Project("{9A19103F-16F7-4668-BE54-9A1E7A4F7556}") = "Page2Feed.Web", "Page2Feed.Web\Page2Feed.Web.csproj", "{C0D4ECF5-DBEA-43F0-92F2-633263C3338C}"
EndProject
Project("{9A19103F-16F7-4668-BE54-9A1E7A4F7556}") = "Page2Feed.Auth.Google", "Page2Feed.Auth.Google\Page2Feed.Auth.Google.csproj", "{A8A1C9E1-0449-4E97-801F-F91CFF1AA50D}"
EndProject
Project("{9A19103F-16F7-4668-BE54-9A1E7A4F7556}") = "Page2Feed.Auth.Facebook", "Page2Feed.Auth.Facebook\Page2Feed.Auth.Facebook.csproj", "{C1C20D69-2734-4135-9AFE-FC41FBBCA131}"
EndProject
Project("{9A19103F-16F7-4668-BE54-9A1E7A4F7556}") = "Page2Feed.Tests.Auth", "Page2Feed.Tests.Auth\Page2Feed.Tests.Auth.csproj", "{3ACC1CAD-AB62-487E-9B4B-1E9A0A0E0781}"
EndProject
Project("{9A19103F-16F7-4668-BE54-9A1E7A4F7556}") = "Page2Feed.Core", "Page2Feed.Core\Page2Feed.Core.csproj", "{696254CC-0594-4EE7-ACDA-89DD5F289D7A}"
EndProject
Project("{2150E333-8FDC-42A3-9474-1A3956D46DE8}") = "Tests", "Tests", "{A3EFD46B-DF1B-4FBF-8D9F-6E394C0D3B67}"
EndProject
Project("{2150E333-8FDC-42A3-9474-1A3956D46DE8}") = "Auth", "Auth", "{50E8839D-EA28-4272-8D6F-7F016C9BEF13}"
EndProject
Project("{2150E333-8FDC-42A3-9474-1A3956D46DE8}") = "App", "App", "{A1636D78-678E-4A44-8D5F-B7EA00DA9409}"
EndProject
Project("{2150E333-8FDC-42A3-9474-1A3956D46DE8}") = "Core", "Core", "{01C06627-B3F1-43D3-9C74-70629BF769EB}"
EndProject
Project("{FAE04EC0-301F-11D3-BF4B-00C04F79EFBC}") = "Page2Feed.Core.Util", "Page2Feed.Core.Util\Page2Feed.Core.Util.csproj", "{5C1010CF-8EB9-4F1A-B787-FBE88B2B27D0}"
EndProject
Project("{9A19103F-16F7-4668-BE54-9A1E7A4F7556}") = "Page2Feed.Tests.Core", "Page2Feed.Tests.Core\Page2Feed.Tests.Core.csproj", "{1099E0CA-50DA-4853-82D3-2DEB224B3E57}"
EndProject
Global
	GlobalSection(SolutionConfigurationPlatforms) = preSolution
		Debug|Any CPU = Debug|Any CPU
		Release|Any CPU = Release|Any CPU
	EndGlobalSection
	GlobalSection(ProjectConfigurationPlatforms) = postSolution
		{C0D4ECF5-DBEA-43F0-92F2-633263C3338C}.Debug|Any CPU.ActiveCfg = Debug|Any CPU
		{C0D4ECF5-DBEA-43F0-92F2-633263C3338C}.Debug|Any CPU.Build.0 = Debug|Any CPU
		{C0D4ECF5-DBEA-43F0-92F2-633263C3338C}.Release|Any CPU.ActiveCfg = Release|Any CPU
		{C0D4ECF5-DBEA-43F0-92F2-633263C3338C}.Release|Any CPU.Build.0 = Release|Any CPU
		{A8A1C9E1-0449-4E97-801F-F91CFF1AA50D}.Debug|Any CPU.ActiveCfg = Debug|Any CPU
		{A8A1C9E1-0449-4E97-801F-F91CFF1AA50D}.Debug|Any CPU.Build.0 = Debug|Any CPU
		{A8A1C9E1-0449-4E97-801F-F91CFF1AA50D}.Release|Any CPU.ActiveCfg = Release|Any CPU
		{A8A1C9E1-0449-4E97-801F-F91CFF1AA50D}.Release|Any CPU.Build.0 = Release|Any CPU
		{C1C20D69-2734-4135-9AFE-FC41FBBCA131}.Debug|Any CPU.ActiveCfg = Debug|Any CPU
		{C1C20D69-2734-4135-9AFE-FC41FBBCA131}.Debug|Any CPU.Build.0 = Debug|Any CPU
		{C1C20D69-2734-4135-9AFE-FC41FBBCA131}.Release|Any CPU.ActiveCfg = Release|Any CPU
		{C1C20D69-2734-4135-9AFE-FC41FBBCA131}.Release|Any CPU.Build.0 = Release|Any CPU
		{3ACC1CAD-AB62-487E-9B4B-1E9A0A0E0781}.Debug|Any CPU.ActiveCfg = Debug|Any CPU
		{3ACC1CAD-AB62-487E-9B4B-1E9A0A0E0781}.Debug|Any CPU.Build.0 = Debug|Any CPU
		{3ACC1CAD-AB62-487E-9B4B-1E9A0A0E0781}.Release|Any CPU.ActiveCfg = Release|Any CPU
		{3ACC1CAD-AB62-487E-9B4B-1E9A0A0E0781}.Release|Any CPU.Build.0 = Release|Any CPU
		{696254CC-0594-4EE7-ACDA-89DD5F289D7A}.Debug|Any CPU.ActiveCfg = Debug|Any CPU
		{696254CC-0594-4EE7-ACDA-89DD5F289D7A}.Debug|Any CPU.Build.0 = Debug|Any CPU
		{696254CC-0594-4EE7-ACDA-89DD5F289D7A}.Release|Any CPU.ActiveCfg = Release|Any CPU
		{696254CC-0594-4EE7-ACDA-89DD5F289D7A}.Release|Any CPU.Build.0 = Release|Any CPU
		{5C1010CF-8EB9-4F1A-B787-FBE88B2B27D0}.Debug|Any CPU.ActiveCfg = Debug|Any CPU
		{5C1010CF-8EB9-4F1A-B787-FBE88B2B27D0}.Debug|Any CPU.Build.0 = Debug|Any CPU
		{5C1010CF-8EB9-4F1A-B787-FBE88B2B27D0}.Release|Any CPU.ActiveCfg = Release|Any CPU
		{5C1010CF-8EB9-4F1A-B787-FBE88B2B27D0}.Release|Any CPU.Build.0 = Release|Any CPU
		{1099E0CA-50DA-4853-82D3-2DEB224B3E57}.Debug|Any CPU.ActiveCfg = Debug|Any CPU
		{1099E0CA-50DA-4853-82D3-2DEB224B3E57}.Debug|Any CPU.Build.0 = Debug|Any CPU
		{1099E0CA-50DA-4853-82D3-2DEB224B3E57}.Release|Any CPU.ActiveCfg = Release|Any CPU
		{1099E0CA-50DA-4853-82D3-2DEB224B3E57}.Release|Any CPU.Build.0 = Release|Any CPU
	EndGlobalSection
	GlobalSection(SolutionProperties) = preSolution
		HideSolutionNode = FALSE
	EndGlobalSection
	GlobalSection(NestedProjects) = preSolution
		{C0D4ECF5-DBEA-43F0-92F2-633263C3338C} = {A1636D78-678E-4A44-8D5F-B7EA00DA9409}
		{A8A1C9E1-0449-4E97-801F-F91CFF1AA50D} = {50E8839D-EA28-4272-8D6F-7F016C9BEF13}
		{C1C20D69-2734-4135-9AFE-FC41FBBCA131} = {50E8839D-EA28-4272-8D6F-7F016C9BEF13}
		{3ACC1CAD-AB62-487E-9B4B-1E9A0A0E0781} = {A3EFD46B-DF1B-4FBF-8D9F-6E394C0D3B67}
		{696254CC-0594-4EE7-ACDA-89DD5F289D7A} = {01C06627-B3F1-43D3-9C74-70629BF769EB}
		{5C1010CF-8EB9-4F1A-B787-FBE88B2B27D0} = {01C06627-B3F1-43D3-9C74-70629BF769EB}
		{1099E0CA-50DA-4853-82D3-2DEB224B3E57} = {A3EFD46B-DF1B-4FBF-8D9F-6E394C0D3B67}
	EndGlobalSection
	GlobalSection(ExtensibilityGlobals) = postSolution
		SolutionGuid = {23672B1A-0AA2-4733-8139-9F5BE945A41E}
	EndGlobalSection
EndGlobal
